
Microsoft Visual Studio Solution File, Format Version 11.00
# Visual Studio 2010
Project("{8BC9CEB8-8B4A-11D0-8D11-00A0C91BC942}") = "SkyCapture", "SkyCapture\SkyCapture.vcxproj", "{67990430-A1EB-4A48-AE0B-D920C9CE710B}"
EndProject
Global
	GlobalSection(SolutionConfigurationPlatforms) = preSolution
		Debug|Win32 = Debug|Win32
		Release|Win32 = Release|Win32
	EndGlobalSection
	GlobalSection(ProjectConfigurationPlatforms) = postSolution
		{67990430-A1EB-4A48-AE0B-D920C9CE710B}.Debug|Win32.ActiveCfg = Debug|Win32
		{67990430-A1EB-4A48-AE0B-D920C9CE710B}.Debug|Win32.Build.0 = Debug|Win32
		{67990430-A1EB-4A48-AE0B-D920C9CE710B}.Release|Win32.ActiveCfg = Release|Win32
		{67990430-A1EB-4A48-AE0B-D920C9CE710B}.Release|Win32.Build.0 = Release|Win32
	EndGlobalSection
	GlobalSection(SolutionProperties) = preSolution
		HideSolutionNode = FALSE
	EndGlobalSection
EndGlobal
